
Microsoft Visual Studio Solution File, Format Version 12.00
# Visual Studio Version 17
VisualStudioVersion = 17.6.33829.357
MinimumVisualStudioVersion = 10.0.40219.1
Project("{2150E333-8FDC-42A3-9474-1A3956D46DE8}") = "HT_N51", "HT_N51", "{1E8E86B6-C558-4C45-B7BA-CADB6C22330B}"
EndProject
Project("{FAE04EC0-301F-11D3-BF4B-00C04F79EFBC}") = "HT-N51.Questions", "HT-N51.Questions\HT-N51.Questions.csproj", "{A3CA6602-1DA7-4E24-AEAC-5BB645944758}"
EndProject
Project("{2150E333-8FDC-42A3-9474-1A3956D46DE8}") = "HT_N52", "HT_N52", "{CCD61A75-4981-4695-AEE9-2DE00EDAC659}"
EndProject
Project("{FAE04EC0-301F-11D3-BF4B-00C04F79EFBC}") = "HT-N52.Events", "HT-N52.Events\HT-N52.Events.csproj", "{C19B597F-4581-4500-B7DC-801D455A5D78}"
EndProject
Project("{2150E333-8FDC-42A3-9474-1A3956D46DE8}") = "HT_N53", "HT_N53", "{47C05FB7-7D67-4D0E-B342-C6E10B822717}"
EndProject
Project("{FAE04EC0-301F-11D3-BF4B-00C04F79EFBC}") = "HT-N53.Dependencyinjection", "HT-N53.Dependencyinjection\HT-N53.Dependencyinjection.csproj", "{EA44A3DC-1D85-4F9E-8A6B-9182FBAD1893}"
EndProject
Project("{2150E333-8FDC-42A3-9474-1A3956D46DE8}") = "HT-N55", "HT-N55", "{EE2BE5FC-4066-4588-AC38-A7A68E224C9E}"
EndProject
Project("{FAE04EC0-301F-11D3-BF4B-00C04F79EFBC}") = "WorkingWithFiles", "WorkingWithFiles\WorkingWithFiles.csproj", "{11FD852B-69EC-4934-9949-6EA1FF6E113D}"
EndProject
Project("{2150E333-8FDC-42A3-9474-1A3956D46DE8}") = "HT-N56", "HT-N56", "{09C1A042-B5AE-45B1-9A3F-2B38D8E7829F}"
EndProject
Project("{FAE04EC0-301F-11D3-BF4B-00C04F79EFBC}") = "FileStorageConsole", "FileStorageConsole\FileStorageConsole.csproj", "{20DB49BB-93A9-44C6-8ECB-8E2DF2354CBC}"
EndProject
Project("{2150E333-8FDC-42A3-9474-1A3956D46DE8}") = "HT-N58", "HT-N58", "{7693AA7F-387B-4531-AA02-03A287E5EC39}"
EndProject
Project("{FAE04EC0-301F-11D3-BF4B-00C04F79EFBC}") = "FileExplorerInfraStructure_Task", "FileExplorerInfraStructure_Task\FileExplorerInfraStructure_Task.csproj", "{EF6BEE4D-6B8E-4579-8B4A-F6A63983387E}"
	ProjectSection(ProjectDependencies) = postProject
		{15965921-D7D9-44EF-B28C-A07952F58DA0} = {15965921-D7D9-44EF-B28C-A07952F58DA0}
	EndProjectSection
EndProject
Project("{FAE04EC0-301F-11D3-BF4B-00C04F79EFBC}") = "FileExplorerApplication_Task", "FileExplorerApplication_Task\FileExplorerApplication_Task.csproj", "{15965921-D7D9-44EF-B28C-A07952F58DA0}"
EndProject
Project("{FAE04EC0-301F-11D3-BF4B-00C04F79EFBC}") = "FileExplorerAPI_Task", "FileExplorerAPI_Task\FileExplorerAPI_Task.csproj", "{5B4F177F-A6EB-4F06-BE83-432AA69CCF76}"
	ProjectSection(ProjectDependencies) = postProject
		{EF6BEE4D-6B8E-4579-8B4A-F6A63983387E} = {EF6BEE4D-6B8E-4579-8B4A-F6A63983387E}
	EndProjectSection
EndProject
Project("{2150E333-8FDC-42A3-9474-1A3956D46DE8}") = "HT-N62", "HT-N62", "{9894F61B-1C68-4361-8533-7C268B975751}"
EndProject
Project("{FAE04EC0-301F-11D3-BF4B-00C04F79EFBC}") = "HT-N62_Tokens", "HT-N62_Tokens\HT-N62_Tokens.csproj", "{89DB49F2-F867-450B-A6BC-2AF28B10BB04}"
EndProject
Project("{2150E333-8FDC-42A3-9474-1A3956D46DE8}") = "HT-N63", "HT-N63", "{F256B4EA-E646-4E00-B3AA-D7E1C2C05D51}"
EndProject
Project("{FAE04EC0-301F-11D3-BF4B-00C04F79EFBC}") = "HT-N63.FileUpload", "HT-N63.FileUpload\HT-N63.FileUpload.csproj", "{71008C8A-9696-4E7B-966E-A952E13F432D}"
EndProject
Project("{2150E333-8FDC-42A3-9474-1A3956D46DE8}") = "HT-N64&65", "HT-N64&65", "{ED5029F1-BEFE-4F50-A474-194BEEED5887}"
EndProject
Project("{FAE04EC0-301F-11D3-BF4B-00C04F79EFBC}") = "HT-N64&65.Identity.API", "HT-N64&65.Identity.API\HT-N64&65.Identity.API.csproj", "{EDD6B41D-8CE8-4CD5-B742-C5D8483E5C83}"
	ProjectSection(ProjectDependencies) = postProject
		{F9079A66-3037-44B5-BFCA-C9B385EA1B7B} = {F9079A66-3037-44B5-BFCA-C9B385EA1B7B}
	EndProjectSection
EndProject
Project("{FAE04EC0-301F-11D3-BF4B-00C04F79EFBC}") = "HT-64&65.Identity.Application", "HT-64&65.Identity.Application\HT-64&65.Identity.Application.csproj", "{48F93CA5-07E3-4B93-BE37-324D200E9816}"
	ProjectSection(ProjectDependencies) = postProject
		{DD11A2A2-931D-465E-B5E7-8D981AD5AB47} = {DD11A2A2-931D-465E-B5E7-8D981AD5AB47}
	EndProjectSection
EndProject
Project("{FAE04EC0-301F-11D3-BF4B-00C04F79EFBC}") = "HT-N64&65.Identity.Domain", "HT-N64&65.Identity.Domain\HT-N64&65.Identity.Domain.csproj", "{DD11A2A2-931D-465E-B5E7-8D981AD5AB47}"
EndProject
Project("{FAE04EC0-301F-11D3-BF4B-00C04F79EFBC}") = "HT-N64&65.Identity.Infrastructure", "HT-N64&65.Identity.Infrastructure\HT-N64&65.Identity.Infrastructure.csproj", "{F9079A66-3037-44B5-BFCA-C9B385EA1B7B}"
	ProjectSection(ProjectDependencies) = postProject
		{0F5DF477-CE1C-4E4F-8645-BAB885713B98} = {0F5DF477-CE1C-4E4F-8645-BAB885713B98}
		{48F93CA5-07E3-4B93-BE37-324D200E9816} = {48F93CA5-07E3-4B93-BE37-324D200E9816}
	EndProjectSection
EndProject
Project("{FAE04EC0-301F-11D3-BF4B-00C04F79EFBC}") = "HT-N64&65.Identity.Persistance", "HT-N64&65.Identity.Persistance\HT-N64&65.Identity.Persistance.csproj", "{0F5DF477-CE1C-4E4F-8645-BAB885713B98}"
	ProjectSection(ProjectDependencies) = postProject
		{DD11A2A2-931D-465E-B5E7-8D981AD5AB47} = {DD11A2A2-931D-465E-B5E7-8D981AD5AB47}
	EndProjectSection
EndProject
Global
	GlobalSection(SolutionConfigurationPlatforms) = preSolution
		Debug|Any CPU = Debug|Any CPU
		Release|Any CPU = Release|Any CPU
	EndGlobalSection
	GlobalSection(ProjectConfigurationPlatforms) = postSolution
		{A3CA6602-1DA7-4E24-AEAC-5BB645944758}.Debug|Any CPU.ActiveCfg = Debug|Any CPU
		{A3CA6602-1DA7-4E24-AEAC-5BB645944758}.Debug|Any CPU.Build.0 = Debug|Any CPU
		{A3CA6602-1DA7-4E24-AEAC-5BB645944758}.Release|Any CPU.ActiveCfg = Release|Any CPU
		{A3CA6602-1DA7-4E24-AEAC-5BB645944758}.Release|Any CPU.Build.0 = Release|Any CPU
		{C19B597F-4581-4500-B7DC-801D455A5D78}.Debug|Any CPU.ActiveCfg = Debug|Any CPU
		{C19B597F-4581-4500-B7DC-801D455A5D78}.Debug|Any CPU.Build.0 = Debug|Any CPU
		{C19B597F-4581-4500-B7DC-801D455A5D78}.Release|Any CPU.ActiveCfg = Release|Any CPU
		{C19B597F-4581-4500-B7DC-801D455A5D78}.Release|Any CPU.Build.0 = Release|Any CPU
		{EA44A3DC-1D85-4F9E-8A6B-9182FBAD1893}.Debug|Any CPU.ActiveCfg = Debug|Any CPU
		{EA44A3DC-1D85-4F9E-8A6B-9182FBAD1893}.Debug|Any CPU.Build.0 = Debug|Any CPU
		{EA44A3DC-1D85-4F9E-8A6B-9182FBAD1893}.Release|Any CPU.ActiveCfg = Release|Any CPU
		{EA44A3DC-1D85-4F9E-8A6B-9182FBAD1893}.Release|Any CPU.Build.0 = Release|Any CPU
		{11FD852B-69EC-4934-9949-6EA1FF6E113D}.Debug|Any CPU.ActiveCfg = Debug|Any CPU
		{11FD852B-69EC-4934-9949-6EA1FF6E113D}.Debug|Any CPU.Build.0 = Debug|Any CPU
		{11FD852B-69EC-4934-9949-6EA1FF6E113D}.Release|Any CPU.ActiveCfg = Release|Any CPU
		{11FD852B-69EC-4934-9949-6EA1FF6E113D}.Release|Any CPU.Build.0 = Release|Any CPU
		{20DB49BB-93A9-44C6-8ECB-8E2DF2354CBC}.Debug|Any CPU.ActiveCfg = Debug|Any CPU
		{20DB49BB-93A9-44C6-8ECB-8E2DF2354CBC}.Debug|Any CPU.Build.0 = Debug|Any CPU
		{20DB49BB-93A9-44C6-8ECB-8E2DF2354CBC}.Release|Any CPU.ActiveCfg = Release|Any CPU
		{20DB49BB-93A9-44C6-8ECB-8E2DF2354CBC}.Release|Any CPU.Build.0 = Release|Any CPU
		{EF6BEE4D-6B8E-4579-8B4A-F6A63983387E}.Debug|Any CPU.ActiveCfg = Debug|Any CPU
		{EF6BEE4D-6B8E-4579-8B4A-F6A63983387E}.Debug|Any CPU.Build.0 = Debug|Any CPU
		{EF6BEE4D-6B8E-4579-8B4A-F6A63983387E}.Release|Any CPU.ActiveCfg = Release|Any CPU
		{EF6BEE4D-6B8E-4579-8B4A-F6A63983387E}.Release|Any CPU.Build.0 = Release|Any CPU
		{15965921-D7D9-44EF-B28C-A07952F58DA0}.Debug|Any CPU.ActiveCfg = Debug|Any CPU
		{15965921-D7D9-44EF-B28C-A07952F58DA0}.Debug|Any CPU.Build.0 = Debug|Any CPU
		{15965921-D7D9-44EF-B28C-A07952F58DA0}.Release|Any CPU.ActiveCfg = Release|Any CPU
		{15965921-D7D9-44EF-B28C-A07952F58DA0}.Release|Any CPU.Build.0 = Release|Any CPU
		{5B4F177F-A6EB-4F06-BE83-432AA69CCF76}.Debug|Any CPU.ActiveCfg = Debug|Any CPU
		{5B4F177F-A6EB-4F06-BE83-432AA69CCF76}.Debug|Any CPU.Build.0 = Debug|Any CPU
		{5B4F177F-A6EB-4F06-BE83-432AA69CCF76}.Release|Any CPU.ActiveCfg = Release|Any CPU
		{5B4F177F-A6EB-4F06-BE83-432AA69CCF76}.Release|Any CPU.Build.0 = Release|Any CPU
		{89DB49F2-F867-450B-A6BC-2AF28B10BB04}.Debug|Any CPU.ActiveCfg = Debug|Any CPU
		{89DB49F2-F867-450B-A6BC-2AF28B10BB04}.Debug|Any CPU.Build.0 = Debug|Any CPU
		{89DB49F2-F867-450B-A6BC-2AF28B10BB04}.Release|Any CPU.ActiveCfg = Release|Any CPU
		{89DB49F2-F867-450B-A6BC-2AF28B10BB04}.Release|Any CPU.Build.0 = Release|Any CPU
		{71008C8A-9696-4E7B-966E-A952E13F432D}.Debug|Any CPU.ActiveCfg = Debug|Any CPU
		{71008C8A-9696-4E7B-966E-A952E13F432D}.Debug|Any CPU.Build.0 = Debug|Any CPU
		{71008C8A-9696-4E7B-966E-A952E13F432D}.Release|Any CPU.ActiveCfg = Release|Any CPU
		{71008C8A-9696-4E7B-966E-A952E13F432D}.Release|Any CPU.Build.0 = Release|Any CPU
		{EDD6B41D-8CE8-4CD5-B742-C5D8483E5C83}.Debug|Any CPU.ActiveCfg = Debug|Any CPU
		{EDD6B41D-8CE8-4CD5-B742-C5D8483E5C83}.Debug|Any CPU.Build.0 = Debug|Any CPU
		{EDD6B41D-8CE8-4CD5-B742-C5D8483E5C83}.Release|Any CPU.ActiveCfg = Release|Any CPU
		{EDD6B41D-8CE8-4CD5-B742-C5D8483E5C83}.Release|Any CPU.Build.0 = Release|Any CPU
		{48F93CA5-07E3-4B93-BE37-324D200E9816}.Debug|Any CPU.ActiveCfg = Debug|Any CPU
		{48F93CA5-07E3-4B93-BE37-324D200E9816}.Debug|Any CPU.Build.0 = Debug|Any CPU
		{48F93CA5-07E3-4B93-BE37-324D200E9816}.Release|Any CPU.ActiveCfg = Release|Any CPU
		{48F93CA5-07E3-4B93-BE37-324D200E9816}.Release|Any CPU.Build.0 = Release|Any CPU
		{DD11A2A2-931D-465E-B5E7-8D981AD5AB47}.Debug|Any CPU.ActiveCfg = Debug|Any CPU
		{DD11A2A2-931D-465E-B5E7-8D981AD5AB47}.Debug|Any CPU.Build.0 = Debug|Any CPU
		{DD11A2A2-931D-465E-B5E7-8D981AD5AB47}.Release|Any CPU.ActiveCfg = Release|Any CPU
		{DD11A2A2-931D-465E-B5E7-8D981AD5AB47}.Release|Any CPU.Build.0 = Release|Any CPU
		{F9079A66-3037-44B5-BFCA-C9B385EA1B7B}.Debug|Any CPU.ActiveCfg = Debug|Any CPU
		{F9079A66-3037-44B5-BFCA-C9B385EA1B7B}.Debug|Any CPU.Build.0 = Debug|Any CPU
		{F9079A66-3037-44B5-BFCA-C9B385EA1B7B}.Release|Any CPU.ActiveCfg = Release|Any CPU
		{F9079A66-3037-44B5-BFCA-C9B385EA1B7B}.Release|Any CPU.Build.0 = Release|Any CPU
		{0F5DF477-CE1C-4E4F-8645-BAB885713B98}.Debug|Any CPU.ActiveCfg = Debug|Any CPU
		{0F5DF477-CE1C-4E4F-8645-BAB885713B98}.Debug|Any CPU.Build.0 = Debug|Any CPU
		{0F5DF477-CE1C-4E4F-8645-BAB885713B98}.Release|Any CPU.ActiveCfg = Release|Any CPU
		{0F5DF477-CE1C-4E4F-8645-BAB885713B98}.Release|Any CPU.Build.0 = Release|Any CPU
	EndGlobalSection
	GlobalSection(SolutionProperties) = preSolution
		HideSolutionNode = FALSE
	EndGlobalSection
	GlobalSection(NestedProjects) = preSolution
		{A3CA6602-1DA7-4E24-AEAC-5BB645944758} = {1E8E86B6-C558-4C45-B7BA-CADB6C22330B}
		{C19B597F-4581-4500-B7DC-801D455A5D78} = {CCD61A75-4981-4695-AEE9-2DE00EDAC659}
		{EA44A3DC-1D85-4F9E-8A6B-9182FBAD1893} = {47C05FB7-7D67-4D0E-B342-C6E10B822717}
		{11FD852B-69EC-4934-9949-6EA1FF6E113D} = {EE2BE5FC-4066-4588-AC38-A7A68E224C9E}
		{20DB49BB-93A9-44C6-8ECB-8E2DF2354CBC} = {09C1A042-B5AE-45B1-9A3F-2B38D8E7829F}
		{EF6BEE4D-6B8E-4579-8B4A-F6A63983387E} = {7693AA7F-387B-4531-AA02-03A287E5EC39}
		{15965921-D7D9-44EF-B28C-A07952F58DA0} = {7693AA7F-387B-4531-AA02-03A287E5EC39}
		{5B4F177F-A6EB-4F06-BE83-432AA69CCF76} = {7693AA7F-387B-4531-AA02-03A287E5EC39}
		{89DB49F2-F867-450B-A6BC-2AF28B10BB04} = {9894F61B-1C68-4361-8533-7C268B975751}
		{71008C8A-9696-4E7B-966E-A952E13F432D} = {F256B4EA-E646-4E00-B3AA-D7E1C2C05D51}
		{EDD6B41D-8CE8-4CD5-B742-C5D8483E5C83} = {ED5029F1-BEFE-4F50-A474-194BEEED5887}
		{48F93CA5-07E3-4B93-BE37-324D200E9816} = {ED5029F1-BEFE-4F50-A474-194BEEED5887}
		{DD11A2A2-931D-465E-B5E7-8D981AD5AB47} = {ED5029F1-BEFE-4F50-A474-194BEEED5887}
		{F9079A66-3037-44B5-BFCA-C9B385EA1B7B} = {ED5029F1-BEFE-4F50-A474-194BEEED5887}
		{0F5DF477-CE1C-4E4F-8645-BAB885713B98} = {ED5029F1-BEFE-4F50-A474-194BEEED5887}
	EndGlobalSection
	GlobalSection(ExtensibilityGlobals) = postSolution
		SolutionGuid = {37FD0892-6CDC-45CC-B8EA-C8E543A09ABB}
	EndGlobalSection
EndGlobal
